// !$*UTF8*$!
{
	archiveVersion = 1;
	classes = {
	};
	objectVersion = 46;
	objects = {

/* Begin PBXBuildFile section */
		6596C2DAC6524C8622667609 /* libPods-YLGitBook.a in Frameworks */ = {isa = PBXBuildFile; fileRef = 696940D509B68C6D652C3B74 /* libPods-YLGitBook.a */; };
		AEF43F3C1E5DD90000997BE3 /* YLListBookCellLoadingComponent.mm in Sources */ = {isa = PBXBuildFile; fileRef = AEF43F3B1E5DD90000997BE3 /* YLListBookCellLoadingComponent.mm */; };
		B942DC671E5A993D00EDD0C9 /* main.m in Sources */ = {isa = PBXBuildFile; fileRef = B942DC661E5A993D00EDD0C9 /* main.m */; };
		B942DC6A1E5A993D00EDD0C9 /* AppDelegate.m in Sources */ = {isa = PBXBuildFile; fileRef = B942DC691E5A993D00EDD0C9 /* AppDelegate.m */; };
		B942DC701E5A993D00EDD0C9 /* Main.storyboard in Resources */ = {isa = PBXBuildFile; fileRef = B942DC6E1E5A993D00EDD0C9 /* Main.storyboard */; };
		B942DC721E5A993D00EDD0C9 /* Assets.xcassets in Resources */ = {isa = PBXBuildFile; fileRef = B942DC711E5A993D00EDD0C9 /* Assets.xcassets */; };
		B942DC751E5A993D00EDD0C9 /* LaunchScreen.storyboard in Resources */ = {isa = PBXBuildFile; fileRef = B942DC731E5A993D00EDD0C9 /* LaunchScreen.storyboard */; };
		B942DC881E5AA02B00EDD0C9 /* YLBaseViewController.m in Sources */ = {isa = PBXBuildFile; fileRef = B942DC871E5AA02B00EDD0C9 /* YLBaseViewController.m */; };
		B94AC9D41E5AD5CD004F099B /* YLExploreViewController.m in Sources */ = {isa = PBXBuildFile; fileRef = B94AC9D31E5AD5CD004F099B /* YLExploreViewController.m */; };
		B94AC9DB1E5C12D5004F099B /* YLWebViewController.m in Sources */ = {isa = PBXBuildFile; fileRef = B94AC9DA1E5C12D5004F099B /* YLWebViewController.m */; };
		B94AC9DE1E5C13CC004F099B /* YLAuthorizeWebViewController.m in Sources */ = {isa = PBXBuildFile; fileRef = B94AC9DD1E5C13CC004F099B /* YLAuthorizeWebViewController.m */; };
		B94AC9E21E5C2057004F099B /* YLListBookViewController.mm in Sources */ = {isa = PBXBuildFile; fileRef = B94AC9E11E5C2057004F099B /* YLListBookViewController.mm */; };
		B94AC9E61E5C245D004F099B /* YLListBookCellComponent.mm in Sources */ = {isa = PBXBuildFile; fileRef = B94AC9E51E5C245D004F099B /* YLListBookCellComponent.mm */; };
		B94AC9FC1E5D222C004F099B /* WPObjectsSerializer.m in Sources */ = {isa = PBXBuildFile; fileRef = B94AC9EF1E5D222C004F099B /* WPObjectsSerializer.m */; };
		B94AC9FD1E5D222C004F099B /* WPPaginator.m in Sources */ = {isa = PBXBuildFile; fileRef = B94AC9F21E5D222C004F099B /* WPPaginator.m */; };
		B94AC9FE1E5D222C004F099B /* WPRequest.m in Sources */ = {isa = PBXBuildFile; fileRef = B94AC9F41E5D222C004F099B /* WPRequest.m */; };
		B94AC9FF1E5D222C004F099B /* WPSessionManager+Protected.m in Sources */ = {isa = PBXBuildFile; fileRef = B94AC9F61E5D222C004F099B /* WPSessionManager+Protected.m */; };
		B94ACA001E5D222C004F099B /* WPSessionManager.m in Sources */ = {isa = PBXBuildFile; fileRef = B94AC9F81E5D222C004F099B /* WPSessionManager.m */; };
		B94ACA031E5D24BD004F099B /* AFURLSessionManager+RACExtension.m in Sources */ = {isa = PBXBuildFile; fileRef = B94ACA021E5D24BD004F099B /* AFURLSessionManager+RACExtension.m */; };
		B94ACA061E5D25A9004F099B /* YLClient.m in Sources */ = {isa = PBXBuildFile; fileRef = B94ACA051E5D25A9004F099B /* YLClient.m */; };
		B94ACA091E5D2750004F099B /* YLGetBookAllRequest.m in Sources */ = {isa = PBXBuildFile; fileRef = B94ACA081E5D2750004F099B /* YLGetBookAllRequest.m */; };
		B94ACA0C1E5D27A9004F099B /* YLResponses.m in Sources */ = {isa = PBXBuildFile; fileRef = B94ACA0B1E5D27A9004F099B /* YLResponses.m */; };
		B94ACA0F1E5D28A4004F099B /* YLBookAllResponses.m in Sources */ = {isa = PBXBuildFile; fileRef = B94ACA0E1E5D28A4004F099B /* YLBookAllResponses.m */; };
		B94ACA131E5D2910004F099B /* YLBookInfo.m in Sources */ = {isa = PBXBuildFile; fileRef = B94ACA121E5D2910004F099B /* YLBookInfo.m */; };
		B94ACA161E5D2C48004F099B /* YLAuthorInfo.m in Sources */ = {isa = PBXBuildFile; fileRef = B94ACA151E5D2C48004F099B /* YLAuthorInfo.m */; };
		B94ACA1F1E5D6E4B004F099B /* SDWebImageManager+CKNetworkImageDownloading.mm in Sources */ = {isa = PBXBuildFile; fileRef = B94ACA1E1E5D6E4B004F099B /* SDWebImageManager+CKNetworkImageDownloading.mm */; };
		B9E62B411E5D835200FD7E2B /* UIColor+WLZ_HexRGB.m in Sources */ = {isa = PBXBuildFile; fileRef = B9E62B401E5D835200FD7E2B /* UIColor+WLZ_HexRGB.m */; };
/* End PBXBuildFile section */

/* Begin PBXFileReference section */
		696940D509B68C6D652C3B74 /* libPods-YLGitBook.a */ = {isa = PBXFileReference; explicitFileType = archive.ar; includeInIndex = 0; path = "libPods-YLGitBook.a"; sourceTree = BUILT_PRODUCTS_DIR; };
		9AD0C8E2211770C0CB6975A1 /* Pods-YLGitBook.release.xcconfig */ = {isa = PBXFileReference; includeInIndex = 1; lastKnownFileType = text.xcconfig; name = "Pods-YLGitBook.release.xcconfig"; path = "Pods/Target Support Files/Pods-YLGitBook/Pods-YLGitBook.release.xcconfig"; sourceTree = "<group>"; };
		AEF43F3A1E5DD90000997BE3 /* YLListBookCellLoadingComponent.h */ = {isa = PBXFileReference; fileEncoding = 4; lastKnownFileType = sourcecode.c.h; path = YLListBookCellLoadingComponent.h; sourceTree = "<group>"; };
		AEF43F3B1E5DD90000997BE3 /* YLListBookCellLoadingComponent.mm */ = {isa = PBXFileReference; fileEncoding = 4; lastKnownFileType = sourcecode.cpp.objcpp; path = YLListBookCellLoadingComponent.mm; sourceTree = "<group>"; };
		B942DC621E5A993D00EDD0C9 /* YLGitBook.app */ = {isa = PBXFileReference; explicitFileType = wrapper.application; includeInIndex = 0; path = YLGitBook.app; sourceTree = BUILT_PRODUCTS_DIR; };
		B942DC661E5A993D00EDD0C9 /* main.m */ = {isa = PBXFileReference; lastKnownFileType = sourcecode.c.objc; path = main.m; sourceTree = "<group>"; };
		B942DC681E5A993D00EDD0C9 /* AppDelegate.h */ = {isa = PBXFileReference; lastKnownFileType = sourcecode.c.h; path = AppDelegate.h; sourceTree = "<group>"; };
		B942DC691E5A993D00EDD0C9 /* AppDelegate.m */ = {isa = PBXFileReference; lastKnownFileType = sourcecode.c.objc; path = AppDelegate.m; sourceTree = "<group>"; };
		B942DC6F1E5A993D00EDD0C9 /* Base */ = {isa = PBXFileReference; lastKnownFileType = file.storyboard; name = Base; path = Base.lproj/Main.storyboard; sourceTree = "<group>"; };
		B942DC711E5A993D00EDD0C9 /* Assets.xcassets */ = {isa = PBXFileReference; lastKnownFileType = folder.assetcatalog; path = Assets.xcassets; sourceTree = "<group>"; };
		B942DC741E5A993D00EDD0C9 /* Base */ = {isa = PBXFileReference; lastKnownFileType = file.storyboard; name = Base; path = Base.lproj/LaunchScreen.storyboard; sourceTree = "<group>"; };
		B942DC761E5A993D00EDD0C9 /* Info.plist */ = {isa = PBXFileReference; lastKnownFileType = text.plist.xml; path = Info.plist; sourceTree = "<group>"; };
		B942DC841E5A9EBF00EDD0C9 /* YLMacro.h */ = {isa = PBXFileReference; lastKnownFileType = sourcecode.c.h; path = YLMacro.h; sourceTree = "<group>"; };
		B942DC851E5A9ED200EDD0C9 /* YLNetWorkMacro.h */ = {isa = PBXFileReference; lastKnownFileType = sourcecode.c.h; path = YLNetWorkMacro.h; sourceTree = "<group>"; };
		B942DC861E5AA02B00EDD0C9 /* YLBaseViewController.h */ = {isa = PBXFileReference; fileEncoding = 4; lastKnownFileType = sourcecode.c.h; path = YLBaseViewController.h; sourceTree = "<group>"; };
		B942DC871E5AA02B00EDD0C9 /* YLBaseViewController.m */ = {isa = PBXFileReference; fileEncoding = 4; lastKnownFileType = sourcecode.c.objc; path = YLBaseViewController.m; sourceTree = "<group>"; };
		B94AC9CA1E5ACAB5004F099B /* YLHeaderMacro.h */ = {isa = PBXFileReference; lastKnownFileType = sourcecode.c.h; path = YLHeaderMacro.h; sourceTree = "<group>"; };
		B94AC9D21E5AD5CD004F099B /* YLExploreViewController.h */ = {isa = PBXFileReference; fileEncoding = 4; lastKnownFileType = sourcecode.c.h; path = YLExploreViewController.h; sourceTree = "<group>"; };
		B94AC9D31E5AD5CD004F099B /* YLExploreViewController.m */ = {isa = PBXFileReference; fileEncoding = 4; lastKnownFileType = sourcecode.c.objc; path = YLExploreViewController.m; sourceTree = "<group>"; };
		B94AC9D91E5C12D5004F099B /* YLWebViewController.h */ = {isa = PBXFileReference; fileEncoding = 4; lastKnownFileType = sourcecode.c.h; path = YLWebViewController.h; sourceTree = "<group>"; };
		B94AC9DA1E5C12D5004F099B /* YLWebViewController.m */ = {isa = PBXFileReference; fileEncoding = 4; lastKnownFileType = sourcecode.c.objc; path = YLWebViewController.m; sourceTree = "<group>"; };
		B94AC9DC1E5C13CC004F099B /* YLAuthorizeWebViewController.h */ = {isa = PBXFileReference; fileEncoding = 4; lastKnownFileType = sourcecode.c.h; path = YLAuthorizeWebViewController.h; sourceTree = "<group>"; };
		B94AC9DD1E5C13CC004F099B /* YLAuthorizeWebViewController.m */ = {isa = PBXFileReference; fileEncoding = 4; lastKnownFileType = sourcecode.c.objc; path = YLAuthorizeWebViewController.m; sourceTree = "<group>"; };
		B94AC9E01E5C2057004F099B /* YLListBookViewController.h */ = {isa = PBXFileReference; fileEncoding = 4; lastKnownFileType = sourcecode.c.h; path = YLListBookViewController.h; sourceTree = "<group>"; };
		B94AC9E11E5C2057004F099B /* YLListBookViewController.mm */ = {isa = PBXFileReference; fileEncoding = 4; lastKnownFileType = sourcecode.cpp.objcpp; path = YLListBookViewController.mm; sourceTree = "<group>"; };
		B94AC9E41E5C245D004F099B /* YLListBookCellComponent.h */ = {isa = PBXFileReference; fileEncoding = 4; lastKnownFileType = sourcecode.c.h; path = YLListBookCellComponent.h; sourceTree = "<group>"; };
		B94AC9E51E5C245D004F099B /* YLListBookCellComponent.mm */ = {isa = PBXFileReference; fileEncoding = 4; lastKnownFileType = sourcecode.cpp.objcpp; path = YLListBookCellComponent.mm; sourceTree = "<group>"; };
		B94AC9EE1E5D222C004F099B /* WPObjectsSerializer.h */ = {isa = PBXFileReference; fileEncoding = 4; lastKnownFileType = sourcecode.c.h; path = WPObjectsSerializer.h; sourceTree = "<group>"; };
		B94AC9EF1E5D222C004F099B /* WPObjectsSerializer.m */ = {isa = PBXFileReference; fileEncoding = 4; lastKnownFileType = sourcecode.c.objc; path = WPObjectsSerializer.m; sourceTree = "<group>"; };
		B94AC9F01E5D222C004F099B /* WPPaginating.h */ = {isa = PBXFileReference; fileEncoding = 4; lastKnownFileType = sourcecode.c.h; path = WPPaginating.h; sourceTree = "<group>"; };
		B94AC9F11E5D222C004F099B /* WPPaginator.h */ = {isa = PBXFileReference; fileEncoding = 4; lastKnownFileType = sourcecode.c.h; path = WPPaginator.h; sourceTree = "<group>"; };
		B94AC9F21E5D222C004F099B /* WPPaginator.m */ = {isa = PBXFileReference; fileEncoding = 4; lastKnownFileType = sourcecode.c.objc; path = WPPaginator.m; sourceTree = "<group>"; };
		B94AC9F31E5D222C004F099B /* WPRequest.h */ = {isa = PBXFileReference; fileEncoding = 4; lastKnownFileType = sourcecode.c.h; path = WPRequest.h; sourceTree = "<group>"; };
		B94AC9F41E5D222C004F099B /* WPRequest.m */ = {isa = PBXFileReference; fileEncoding = 4; lastKnownFileType = sourcecode.c.objc; path = WPRequest.m; sourceTree = "<group>"; };
		B94AC9F51E5D222C004F099B /* WPSessionManager+Protected.h */ = {isa = PBXFileReference; fileEncoding = 4; lastKnownFileType = sourcecode.c.h; path = "WPSessionManager+Protected.h"; sourceTree = "<group>"; };
		B94AC9F61E5D222C004F099B /* WPSessionManager+Protected.m */ = {isa = PBXFileReference; fileEncoding = 4; lastKnownFileType = sourcecode.c.objc; path = "WPSessionManager+Protected.m"; sourceTree = "<group>"; };
		B94AC9F71E5D222C004F099B /* WPSessionManager.h */ = {isa = PBXFileReference; fileEncoding = 4; lastKnownFileType = sourcecode.c.h; path = WPSessionManager.h; sourceTree = "<group>"; };
		B94AC9F81E5D222C004F099B /* WPSessionManager.m */ = {isa = PBXFileReference; fileEncoding = 4; lastKnownFileType = sourcecode.c.objc; path = WPSessionManager.m; sourceTree = "<group>"; };
		B94ACA011E5D24BD004F099B /* AFURLSessionManager+RACExtension.h */ = {isa = PBXFileReference; fileEncoding = 4; lastKnownFileType = sourcecode.c.h; path = "AFURLSessionManager+RACExtension.h"; sourceTree = "<group>"; };
		B94ACA021E5D24BD004F099B /* AFURLSessionManager+RACExtension.m */ = {isa = PBXFileReference; fileEncoding = 4; lastKnownFileType = sourcecode.c.objc; path = "AFURLSessionManager+RACExtension.m"; sourceTree = "<group>"; };
		B94ACA041E5D25A9004F099B /* YLClient.h */ = {isa = PBXFileReference; fileEncoding = 4; lastKnownFileType = sourcecode.c.h; path = YLClient.h; sourceTree = "<group>"; };
		B94ACA051E5D25A9004F099B /* YLClient.m */ = {isa = PBXFileReference; fileEncoding = 4; lastKnownFileType = sourcecode.c.objc; path = YLClient.m; sourceTree = "<group>"; };
		B94ACA071E5D2750004F099B /* YLGetBookAllRequest.h */ = {isa = PBXFileReference; fileEncoding = 4; lastKnownFileType = sourcecode.c.h; path = YLGetBookAllRequest.h; sourceTree = "<group>"; };
		B94ACA081E5D2750004F099B /* YLGetBookAllRequest.m */ = {isa = PBXFileReference; fileEncoding = 4; lastKnownFileType = sourcecode.c.objc; path = YLGetBookAllRequest.m; sourceTree = "<group>"; };
		B94ACA0A1E5D27A9004F099B /* YLResponses.h */ = {isa = PBXFileReference; fileEncoding = 4; lastKnownFileType = sourcecode.c.h; name = YLResponses.h; path = ../Responses/YLResponses.h; sourceTree = "<group>"; };
		B94ACA0B1E5D27A9004F099B /* YLResponses.m */ = {isa = PBXFileReference; fileEncoding = 4; lastKnownFileType = sourcecode.c.objc; name = YLResponses.m; path = ../Responses/YLResponses.m; sourceTree = "<group>"; };
		B94ACA0D1E5D28A4004F099B /* YLBookAllResponses.h */ = {isa = PBXFileReference; fileEncoding = 4; lastKnownFileType = sourcecode.c.h; path = YLBookAllResponses.h; sourceTree = "<group>"; };
		B94ACA0E1E5D28A4004F099B /* YLBookAllResponses.m */ = {isa = PBXFileReference; fileEncoding = 4; lastKnownFileType = sourcecode.c.objc; path = YLBookAllResponses.m; sourceTree = "<group>"; };
		B94ACA111E5D2910004F099B /* YLBookInfo.h */ = {isa = PBXFileReference; fileEncoding = 4; lastKnownFileType = sourcecode.c.h; path = YLBookInfo.h; sourceTree = "<group>"; };
		B94ACA121E5D2910004F099B /* YLBookInfo.m */ = {isa = PBXFileReference; fileEncoding = 4; lastKnownFileType = sourcecode.c.objc; path = YLBookInfo.m; sourceTree = "<group>"; };
		B94ACA141E5D2C48004F099B /* YLAuthorInfo.h */ = {isa = PBXFileReference; fileEncoding = 4; lastKnownFileType = sourcecode.c.h; path = YLAuthorInfo.h; sourceTree = "<group>"; };
		B94ACA151E5D2C48004F099B /* YLAuthorInfo.m */ = {isa = PBXFileReference; fileEncoding = 4; lastKnownFileType = sourcecode.c.objc; path = YLAuthorInfo.m; sourceTree = "<group>"; };
		B94ACA1D1E5D6E4B004F099B /* SDWebImageManager+CKNetworkImageDownloading.h */ = {isa = PBXFileReference; fileEncoding = 4; lastKnownFileType = sourcecode.c.h; path = "SDWebImageManager+CKNetworkImageDownloading.h"; sourceTree = "<group>"; };
		B94ACA1E1E5D6E4B004F099B /* SDWebImageManager+CKNetworkImageDownloading.mm */ = {isa = PBXFileReference; fileEncoding = 4; lastKnownFileType = sourcecode.cpp.objcpp; path = "SDWebImageManager+CKNetworkImageDownloading.mm"; sourceTree = "<group>"; };
		B94ACA201E5D6F9F004F099B /* YLBookInfoItem.h */ = {isa = PBXFileReference; fileEncoding = 4; lastKnownFileType = sourcecode.c.h; path = YLBookInfoItem.h; sourceTree = "<group>"; };
		B9E62B3F1E5D835200FD7E2B /* UIColor+WLZ_HexRGB.h */ = {isa = PBXFileReference; fileEncoding = 4; lastKnownFileType = sourcecode.c.h; path = "UIColor+WLZ_HexRGB.h"; sourceTree = "<group>"; };
		B9E62B401E5D835200FD7E2B /* UIColor+WLZ_HexRGB.m */ = {isa = PBXFileReference; fileEncoding = 4; lastKnownFileType = sourcecode.c.objc; path = "UIColor+WLZ_HexRGB.m"; sourceTree = "<group>"; };
		BFA67FF9EBC786068C2DD512 /* Pods-YLGitBook.debug.xcconfig */ = {isa = PBXFileReference; includeInIndex = 1; lastKnownFileType = text.xcconfig; name = "Pods-YLGitBook.debug.xcconfig"; path = "Pods/Target Support Files/Pods-YLGitBook/Pods-YLGitBook.debug.xcconfig"; sourceTree = "<group>"; };
/* End PBXFileReference section */

/* Begin PBXFrameworksBuildPhase section */
		B942DC5F1E5A993D00EDD0C9 /* Frameworks */ = {
			isa = PBXFrameworksBuildPhase;
			buildActionMask = 2147483647;
			files = (
				6596C2DAC6524C8622667609 /* libPods-YLGitBook.a in Frameworks */,
			);
			runOnlyForDeploymentPostprocessing = 0;
		};
/* End PBXFrameworksBuildPhase section */

/* Begin PBXGroup section */
		2E14E7E74BDFDE32F397B51F /* Pods */ = {
			isa = PBXGroup;
			children = (
				BFA67FF9EBC786068C2DD512 /* Pods-YLGitBook.debug.xcconfig */,
				9AD0C8E2211770C0CB6975A1 /* Pods-YLGitBook.release.xcconfig */,
			);
			name = Pods;
			sourceTree = "<group>";
		};
		B942DC591E5A993D00EDD0C9 = {
			isa = PBXGroup;
			children = (
				B942DC641E5A993D00EDD0C9 /* YLGitBook */,
				B942DC631E5A993D00EDD0C9 /* Products */,
				2E14E7E74BDFDE32F397B51F /* Pods */,
				E2A453F26BE17E03F7926273 /* Frameworks */,
			);
			sourceTree = "<group>";
		};
		B942DC631E5A993D00EDD0C9 /* Products */ = {
			isa = PBXGroup;
			children = (
				B942DC621E5A993D00EDD0C9 /* YLGitBook.app */,
			);
			name = Products;
			sourceTree = "<group>";
		};
		B942DC641E5A993D00EDD0C9 /* YLGitBook */ = {
			isa = PBXGroup;
			children = (
				B94ACA1B1E5D671E004F099B /* Categories */,
				B94ACA101E5D28E9004F099B /* Model */,
				B942DC7E1E5A9E7E00EDD0C9 /* BaseClass */,
				B942DC801E5A9E7E00EDD0C9 /* Macro */,
				B942DC821E5A9E7F00EDD0C9 /* Utils */,
				B942DC831E5A9E7F00EDD0C9 /* View */,
				B942DC7F1E5A9E7E00EDD0C9 /* Controller */,
				B942DC921E5AC6B000EDD0C9 /* ViewModel */,
				B94AC9DF1E5C1F96004F099B /* Network */,
				B942DC811E5A9E7F00EDD0C9 /* Resources */,
				B942DC681E5A993D00EDD0C9 /* AppDelegate.h */,
				B942DC691E5A993D00EDD0C9 /* AppDelegate.m */,
				B942DC6E1E5A993D00EDD0C9 /* Main.storyboard */,
				B942DC711E5A993D00EDD0C9 /* Assets.xcassets */,
				B942DC731E5A993D00EDD0C9 /* LaunchScreen.storyboard */,
				B942DC761E5A993D00EDD0C9 /* Info.plist */,
				B942DC651E5A993D00EDD0C9 /* Supporting Files */,
				B942DC841E5A9EBF00EDD0C9 /* YLMacro.h */,
			);
			path = YLGitBook;
			sourceTree = "<group>";
		};
		B942DC651E5A993D00EDD0C9 /* Supporting Files */ = {
			isa = PBXGroup;
			children = (
				B942DC661E5A993D00EDD0C9 /* main.m */,
			);
			name = "Supporting Files";
			sourceTree = "<group>";
		};
		B942DC7E1E5A9E7E00EDD0C9 /* BaseClass */ = {
			isa = PBXGroup;
			children = (
				B942DC861E5AA02B00EDD0C9 /* YLBaseViewController.h */,
				B942DC871E5AA02B00EDD0C9 /* YLBaseViewController.m */,
			);
			path = BaseClass;
			sourceTree = "<group>";
		};
		B942DC7F1E5A9E7E00EDD0C9 /* Controller */ = {
			isa = PBXGroup;
			children = (
				B94AC9D21E5AD5CD004F099B /* YLExploreViewController.h */,
				B94AC9D31E5AD5CD004F099B /* YLExploreViewController.m */,
				B94AC9D91E5C12D5004F099B /* YLWebViewController.h */,
				B94AC9DA1E5C12D5004F099B /* YLWebViewController.m */,
				B94AC9DC1E5C13CC004F099B /* YLAuthorizeWebViewController.h */,
				B94AC9DD1E5C13CC004F099B /* YLAuthorizeWebViewController.m */,
				B94AC9E01E5C2057004F099B /* YLListBookViewController.h */,
				B94AC9E11E5C2057004F099B /* YLListBookViewController.mm */,
			);
			path = Controller;
			sourceTree = "<group>";
		};
		B942DC801E5A9E7E00EDD0C9 /* Macro */ = {
			isa = PBXGroup;
			children = (
				B942DC851E5A9ED200EDD0C9 /* YLNetWorkMacro.h */,
				B94AC9CA1E5ACAB5004F099B /* YLHeaderMacro.h */,
			);
			path = Macro;
			sourceTree = "<group>";
		};
		B942DC811E5A9E7F00EDD0C9 /* Resources */ = {
			isa = PBXGroup;
			children = (
			);
			path = Resources;
			sourceTree = "<group>";
		};
		B942DC821E5A9E7F00EDD0C9 /* Utils */ = {
			isa = PBXGroup;
			children = (
			);
			path = Utils;
			sourceTree = "<group>";
		};
		B942DC831E5A9E7F00EDD0C9 /* View */ = {
			isa = PBXGroup;
			children = (
				B94AC9E31E5C20A7004F099B /* Component */,
			);
			path = View;
			sourceTree = "<group>";
		};
		B942DC921E5AC6B000EDD0C9 /* ViewModel */ = {
			isa = PBXGroup;
			children = (
			);
			path = ViewModel;
			sourceTree = "<group>";
		};
		B94AC9DF1E5C1F96004F099B /* Network */ = {
			isa = PBXGroup;
			children = (
				B94AC9ED1E5D222C004F099B /* Core */,
				B94AC9F91E5D222C004F099B /* Requests */,
				B94AC9FA1E5D222C004F099B /* Responses */,
				B94AC9FB1E5D222C004F099B /* Routes */,
				B94ACA041E5D25A9004F099B /* YLClient.h */,
				B94ACA051E5D25A9004F099B /* YLClient.m */,
			);
			path = Network;
			sourceTree = "<group>";
		};
		B94AC9E31E5C20A7004F099B /* Component */ = {
			isa = PBXGroup;
			children = (
				B94ACA1D1E5D6E4B004F099B /* SDWebImageManager+CKNetworkImageDownloading.h */,
				B94ACA1E1E5D6E4B004F099B /* SDWebImageManager+CKNetworkImageDownloading.mm */,
				B94AC9E41E5C245D004F099B /* YLListBookCellComponent.h */,
				B94AC9E51E5C245D004F099B /* YLListBookCellComponent.mm */,
				AEF43F3A1E5DD90000997BE3 /* YLListBookCellLoadingComponent.h */,
				AEF43F3B1E5DD90000997BE3 /* YLListBookCellLoadingComponent.mm */,
			);
			name = Component;
			sourceTree = "<group>";
		};
		B94AC9ED1E5D222C004F099B /* Core */ = {
			isa = PBXGroup;
			children = (
				B94ACA0A1E5D27A9004F099B /* YLResponses.h */,
				B94ACA0B1E5D27A9004F099B /* YLResponses.m */,
				B94AC9EE1E5D222C004F099B /* WPObjectsSerializer.h */,
				B94AC9EF1E5D222C004F099B /* WPObjectsSerializer.m */,
				B94AC9F01E5D222C004F099B /* WPPaginating.h */,
				B94AC9F11E5D222C004F099B /* WPPaginator.h */,
				B94AC9F21E5D222C004F099B /* WPPaginator.m */,
				B94AC9F31E5D222C004F099B /* WPRequest.h */,
				B94AC9F41E5D222C004F099B /* WPRequest.m */,
				B94AC9F51E5D222C004F099B /* WPSessionManager+Protected.h */,
				B94AC9F61E5D222C004F099B /* WPSessionManager+Protected.m */,
				B94AC9F71E5D222C004F099B /* WPSessionManager.h */,
				B94AC9F81E5D222C004F099B /* WPSessionManager.m */,
				B94ACA011E5D24BD004F099B /* AFURLSessionManager+RACExtension.h */,
				B94ACA021E5D24BD004F099B /* AFURLSessionManager+RACExtension.m */,
			);
			path = Core;
			sourceTree = "<group>";
		};
		B94AC9F91E5D222C004F099B /* Requests */ = {
			isa = PBXGroup;
			children = (
				B94ACA071E5D2750004F099B /* YLGetBookAllRequest.h */,
				B94ACA081E5D2750004F099B /* YLGetBookAllRequest.m */,
			);
			path = Requests;
			sourceTree = "<group>";
		};
		B94AC9FA1E5D222C004F099B /* Responses */ = {
			isa = PBXGroup;
			children = (
				B94ACA0D1E5D28A4004F099B /* YLBookAllResponses.h */,
				B94ACA0E1E5D28A4004F099B /* YLBookAllResponses.m */,
			);
			path = Responses;
			sourceTree = "<group>";
		};
		B94AC9FB1E5D222C004F099B /* Routes */ = {
			isa = PBXGroup;
			children = (
			);
			path = Routes;
			sourceTree = "<group>";
		};
		B94ACA101E5D28E9004F099B /* Model */ = {
			isa = PBXGroup;
			children = (
				B94ACA111E5D2910004F099B /* YLBookInfo.h */,
				B94ACA121E5D2910004F099B /* YLBookInfo.m */,
				B94ACA141E5D2C48004F099B /* YLAuthorInfo.h */,
				B94ACA151E5D2C48004F099B /* YLAuthorInfo.m */,
				B94ACA201E5D6F9F004F099B /* YLBookInfoItem.h */,
			);
			path = Model;
			sourceTree = "<group>";
		};
		B94ACA1B1E5D671E004F099B /* Categories */ = {
			isa = PBXGroup;
			children = (
				B9E62B3F1E5D835200FD7E2B /* UIColor+WLZ_HexRGB.h */,
				B9E62B401E5D835200FD7E2B /* UIColor+WLZ_HexRGB.m */,
			);
			path = Categories;
			sourceTree = "<group>";
		};
		E2A453F26BE17E03F7926273 /* Frameworks */ = {
			isa = PBXGroup;
			children = (
				696940D509B68C6D652C3B74 /* libPods-YLGitBook.a */,
			);
			name = Frameworks;
			sourceTree = "<group>";
		};
/* End PBXGroup section */

/* Begin PBXNativeTarget section */
		B942DC611E5A993D00EDD0C9 /* YLGitBook */ = {
			isa = PBXNativeTarget;
			buildConfigurationList = B942DC791E5A993D00EDD0C9 /* Build configuration list for PBXNativeTarget "YLGitBook" */;
			buildPhases = (
				9CE52ECA7FED35E8A215908F /* [CP] Check Pods Manifest.lock */,
				B942DC5E1E5A993D00EDD0C9 /* Sources */,
				B942DC5F1E5A993D00EDD0C9 /* Frameworks */,
				B942DC601E5A993D00EDD0C9 /* Resources */,
				F64F27C036CB153972B01411 /* [CP] Embed Pods Frameworks */,
				31FD894B07E5B46C3F0F5099 /* [CP] Copy Pods Resources */,
			);
			buildRules = (
			);
			dependencies = (
			);
			name = YLGitBook;
			productName = YLGitBook;
			productReference = B942DC621E5A993D00EDD0C9 /* YLGitBook.app */;
			productType = "com.apple.product-type.application";
		};
/* End PBXNativeTarget section */

/* Begin PBXProject section */
		B942DC5A1E5A993D00EDD0C9 /* Project object */ = {
			isa = PBXProject;
			attributes = {
				LastUpgradeCheck = 0820;
				ORGANIZATIONNAME = YL;
				TargetAttributes = {
					B942DC611E5A993D00EDD0C9 = {
						CreatedOnToolsVersion = 8.2;
						DevelopmentTeam = F7J89JYA39;
						ProvisioningStyle = Automatic;
					};
				};
			};
			buildConfigurationList = B942DC5D1E5A993D00EDD0C9 /* Build configuration list for PBXProject "YLGitBook" */;
			compatibilityVersion = "Xcode 3.2";
			developmentRegion = English;
			hasScannedForEncodings = 0;
			knownRegions = (
				en,
				Base,
			);
			mainGroup = B942DC591E5A993D00EDD0C9;
			productRefGroup = B942DC631E5A993D00EDD0C9 /* Products */;
			projectDirPath = "";
			projectRoot = "";
			targets = (
				B942DC611E5A993D00EDD0C9 /* YLGitBook */,
			);
		};
/* End PBXProject section */

/* Begin PBXResourcesBuildPhase section */
		B942DC601E5A993D00EDD0C9 /* Resources */ = {
			isa = PBXResourcesBuildPhase;
			buildActionMask = 2147483647;
			files = (
				B942DC751E5A993D00EDD0C9 /* LaunchScreen.storyboard in Resources */,
				B942DC721E5A993D00EDD0C9 /* Assets.xcassets in Resources */,
				B942DC701E5A993D00EDD0C9 /* Main.storyboard in Resources */,
			);
			runOnlyForDeploymentPostprocessing = 0;
		};
/* End PBXResourcesBuildPhase section */

/* Begin PBXShellScriptBuildPhase section */
		31FD894B07E5B46C3F0F5099 /* [CP] Copy Pods Resources */ = {
			isa = PBXShellScriptBuildPhase;
			buildActionMask = 2147483647;
			files = (
			);
			inputPaths = (
			);
			name = "[CP] Copy Pods Resources";
			outputPaths = (
			);
			runOnlyForDeploymentPostprocessing = 0;
			shellPath = /bin/sh;
			shellScript = "\"${SRCROOT}/Pods/Target Support Files/Pods-YLGitBook/Pods-YLGitBook-resources.sh\"\n";
			showEnvVarsInLog = 0;
		};
		9CE52ECA7FED35E8A215908F /* [CP] Check Pods Manifest.lock */ = {
			isa = PBXShellScriptBuildPhase;
			buildActionMask = 2147483647;
			files = (
			);
			inputPaths = (
			);
			name = "[CP] Check Pods Manifest.lock";
			outputPaths = (
			);
			runOnlyForDeploymentPostprocessing = 0;
			shellPath = /bin/sh;
			shellScript = "diff \"${PODS_ROOT}/../Podfile.lock\" \"${PODS_ROOT}/Manifest.lock\" > /dev/null\nif [ $? != 0 ] ; then\n    # print error to STDERR\n    echo \"error: The sandbox is not in sync with the Podfile.lock. Run 'pod install' or update your CocoaPods installation.\" >&2\n    exit 1\nfi\n";
			showEnvVarsInLog = 0;
		};
		F64F27C036CB153972B01411 /* [CP] Embed Pods Frameworks */ = {
			isa = PBXShellScriptBuildPhase;
			buildActionMask = 2147483647;
			files = (
			);
			inputPaths = (
			);
			name = "[CP] Embed Pods Frameworks";
			outputPaths = (
			);
			runOnlyForDeploymentPostprocessing = 0;
			shellPath = /bin/sh;
			shellScript = "\"${SRCROOT}/Pods/Target Support Files/Pods-YLGitBook/Pods-YLGitBook-frameworks.sh\"\n";
			showEnvVarsInLog = 0;
		};
/* End PBXShellScriptBuildPhase section */

/* Begin PBXSourcesBuildPhase section */
		B942DC5E1E5A993D00EDD0C9 /* Sources */ = {
			isa = PBXSourcesBuildPhase;
			buildActionMask = 2147483647;
			files = (
				B94ACA001E5D222C004F099B /* WPSessionManager.m in Sources */,
				B94AC9DB1E5C12D5004F099B /* YLWebViewController.m in Sources */,
				B94ACA091E5D2750004F099B /* YLGetBookAllRequest.m in Sources */,
				B942DC881E5AA02B00EDD0C9 /* YLBaseViewController.m in Sources */,
				B94AC9FD1E5D222C004F099B /* WPPaginator.m in Sources */,
				B94ACA131E5D2910004F099B /* YLBookInfo.m in Sources */,
				B94AC9DE1E5C13CC004F099B /* YLAuthorizeWebViewController.m in Sources */,
				B94ACA0F1E5D28A4004F099B /* YLBookAllResponses.m in Sources */,
				AEF43F3C1E5DD90000997BE3 /* YLListBookCellLoadingComponent.mm in Sources */,
				B94AC9E61E5C245D004F099B /* YLListBookCellComponent.mm in Sources */,
				B94AC9E21E5C2057004F099B /* YLListBookViewController.mm in Sources */,
				B94ACA061E5D25A9004F099B /* YLClient.m in Sources */,
				B94AC9FF1E5D222C004F099B /* WPSessionManager+Protected.m in Sources */,
				B94ACA031E5D24BD004F099B /* AFURLSessionManager+RACExtension.m in Sources */,
				B94ACA161E5D2C48004F099B /* YLAuthorInfo.m in Sources */,
				B94AC9FC1E5D222C004F099B /* WPObjectsSerializer.m in Sources */,
				B942DC6A1E5A993D00EDD0C9 /* AppDelegate.m in Sources */,
				B94ACA1F1E5D6E4B004F099B /* SDWebImageManager+CKNetworkImageDownloading.mm in Sources */,
				B94AC9FE1E5D222C004F099B /* WPRequest.m in Sources */,
				B94AC9D41E5AD5CD004F099B /* YLExploreViewController.m in Sources */,
				B942DC671E5A993D00EDD0C9 /* main.m in Sources */,
				B94ACA0C1E5D27A9004F099B /* YLResponses.m in Sources */,
				B9E62B411E5D835200FD7E2B /* UIColor+WLZ_HexRGB.m in Sources */,
			);
			runOnlyForDeploymentPostprocessing = 0;
		};
/* End PBXSourcesBuildPhase section */

/* Begin PBXVariantGroup section */
		B942DC6E1E5A993D00EDD0C9 /* Main.storyboard */ = {
			isa = PBXVariantGroup;
			children = (
				B942DC6F1E5A993D00EDD0C9 /* Base */,
			);
			name = Main.storyboard;
			sourceTree = "<group>";
		};
		B942DC731E5A993D00EDD0C9 /* LaunchScreen.storyboard */ = {
			isa = PBXVariantGroup;
			children = (
				B942DC741E5A993D00EDD0C9 /* Base */,
			);
			name = LaunchScreen.storyboard;
			sourceTree = "<group>";
		};
/* End PBXVariantGroup section */

/* Begin XCBuildConfiguration section */
		B942DC771E5A993D00EDD0C9 /* Debug */ = {
			isa = XCBuildConfiguration;
			buildSettings = {
				ALWAYS_SEARCH_USER_PATHS = NO;
				CLANG_ANALYZER_NONNULL = YES;
				CLANG_CXX_LANGUAGE_STANDARD = "gnu++0x";
				CLANG_CXX_LIBRARY = "libc++";
				CLANG_ENABLE_MODULES = YES;
				CLANG_ENABLE_OBJC_ARC = YES;
				CLANG_WARN_BOOL_CONVERSION = YES;
				CLANG_WARN_CONSTANT_CONVERSION = YES;
				CLANG_WARN_DIRECT_OBJC_ISA_USAGE = YES_ERROR;
				CLANG_WARN_DOCUMENTATION_COMMENTS = YES;
				CLANG_WARN_EMPTY_BODY = YES;
				CLANG_WARN_ENUM_CONVERSION = YES;
				CLANG_WARN_INFINITE_RECURSION = YES;
				CLANG_WARN_INT_CONVERSION = YES;
				CLANG_WARN_OBJC_ROOT_CLASS = YES_ERROR;
				CLANG_WARN_SUSPICIOUS_MOVE = YES;
				CLANG_WARN_UNREACHABLE_CODE = YES;
				CLANG_WARN__DUPLICATE_METHOD_MATCH = YES;
				"CODE_SIGN_IDENTITY[sdk=iphoneos*]" = "iPhone Developer";
				COPY_PHASE_STRIP = NO;
				DEBUG_INFORMATION_FORMAT = dwarf;
				ENABLE_STRICT_OBJC_MSGSEND = YES;
				ENABLE_TESTABILITY = YES;
				GCC_C_LANGUAGE_STANDARD = gnu99;
				GCC_DYNAMIC_NO_PIC = NO;
				GCC_NO_COMMON_BLOCKS = YES;
				GCC_OPTIMIZATION_LEVEL = 0;
				GCC_PREPROCESSOR_DEFINITIONS = (
					"DEBUG=1",
					"$(inherited)",
				);
				GCC_WARN_64_TO_32_BIT_CONVERSION = YES;
				GCC_WARN_ABOUT_RETURN_TYPE = YES_ERROR;
				GCC_WARN_UNDECLARED_SELECTOR = YES;
				GCC_WARN_UNINITIALIZED_AUTOS = YES_AGGRESSIVE;
				GCC_WARN_UNUSED_FUNCTION = YES;
				GCC_WARN_UNUSED_VARIABLE = YES;
				IPHONEOS_DEPLOYMENT_TARGET = 10.2;
				MTL_ENABLE_DEBUG_INFO = YES;
				ONLY_ACTIVE_ARCH = YES;
				SDKROOT = iphoneos;
			};
			name = Debug;
		};
		B942DC781E5A993D00EDD0C9 /* Release */ = {
			isa = XCBuildConfiguration;
			buildSettings = {
				ALWAYS_SEARCH_USER_PATHS = NO;
				CLANG_ANALYZER_NONNULL = YES;
				CLANG_CXX_LANGUAGE_STANDARD = "gnu++0x";
				CLANG_CXX_LIBRARY = "libc++";
				CLANG_ENABLE_MODULES = YES;
				CLANG_ENABLE_OBJC_ARC = YES;
				CLANG_WARN_BOOL_CONVERSION = YES;
				CLANG_WARN_CONSTANT_CONVERSION = YES;
				CLANG_WARN_DIRECT_OBJC_ISA_USAGE = YES_ERROR;
				CLANG_WARN_DOCUMENTATION_COMMENTS = YES;
				CLANG_WARN_EMPTY_BODY = YES;
				CLANG_WARN_ENUM_CONVERSION = YES;
				CLANG_WARN_INFINITE_RECURSION = YES;
				CLANG_WARN_INT_CONVERSION = YES;
				CLANG_WARN_OBJC_ROOT_CLASS = YES_ERROR;
				CLANG_WARN_SUSPICIOUS_MOVE = YES;
				CLANG_WARN_UNREACHABLE_CODE = YES;
				CLANG_WARN__DUPLICATE_METHOD_MATCH = YES;
				"CODE_SIGN_IDENTITY[sdk=iphoneos*]" = "iPhone Developer";
				COPY_PHASE_STRIP = NO;
				DEBUG_INFORMATION_FORMAT = "dwarf-with-dsym";
				ENABLE_NS_ASSERTIONS = NO;
				ENABLE_STRICT_OBJC_MSGSEND = YES;
				GCC_C_LANGUAGE_STANDARD = gnu99;
				GCC_NO_COMMON_BLOCKS = YES;
				GCC_WARN_64_TO_32_BIT_CONVERSION = YES;
				GCC_WARN_ABOUT_RETURN_TYPE = YES_ERROR;
				GCC_WARN_UNDECLARED_SELECTOR = YES;
				GCC_WARN_UNINITIALIZED_AUTOS = YES_AGGRESSIVE;
				GCC_WARN_UNUSED_FUNCTION = YES;
				GCC_WARN_UNUSED_VARIABLE = YES;
				IPHONEOS_DEPLOYMENT_TARGET = 10.2;
				MTL_ENABLE_DEBUG_INFO = NO;
				SDKROOT = iphoneos;
				VALIDATE_PRODUCT = YES;
			};
			name = Release;
		};
		B942DC7A1E5A993D00EDD0C9 /* Debug */ = {
			isa = XCBuildConfiguration;
			baseConfigurationReference = BFA67FF9EBC786068C2DD512 /* Pods-YLGitBook.debug.xcconfig */;
			buildSettings = {
				ASSETCATALOG_COMPILER_APPICON_NAME = AppIcon;
				DEVELOPMENT_TEAM = F7J89JYA39;
				GCC_PREFIX_HEADER = "$(SRCROOT)/YLGitBook/YLMacro.h";
				INFOPLIST_FILE = YLGitBook/Info.plist;
				LD_RUNPATH_SEARCH_PATHS = "$(inherited) @executable_path/Frameworks";
				PRODUCT_BUNDLE_IDENTIFIER = com.ylzhu.YLGitBook;
				PRODUCT_NAME = "$(TARGET_NAME)";
			};
			name = Debug;
		};
		B942DC7B1E5A993D00EDD0C9 /* Release */ = {
			isa = XCBuildConfiguration;
			baseConfigurationReference = 9AD0C8E2211770C0CB6975A1 /* Pods-YLGitBook.release.xcconfig */;
			buildSettings = {
				ASSETCATALOG_COMPILER_APPICON_NAME = AppIcon;
				DEVELOPMENT_TEAM = F7J89JYA39;
				GCC_PREFIX_HEADER = "$(SRCROOT)/YLGitBook/YLMacro.h";
				INFOPLIST_FILE = YLGitBook/Info.plist;
				LD_RUNPATH_SEARCH_PATHS = "$(inherited) @executable_path/Frameworks";
				PRODUCT_BUNDLE_IDENTIFIER = com.ylzhu.YLGitBook;
				PRODUCT_NAME = "$(TARGET_NAME)";
			};
			name = Release;
		};
/* End XCBuildConfiguration section */

/* Begin XCConfigurationList section */
		B942DC5D1E5A993D00EDD0C9 /* Build configuration list for PBXProject "YLGitBook" */ = {
			isa = XCConfigurationList;
			buildConfigurations = (
				B942DC771E5A993D00EDD0C9 /* Debug */,
				B942DC781E5A993D00EDD0C9 /* Release */,
			);
			defaultConfigurationIsVisible = 0;
			defaultConfigurationName = Release;
		};
		B942DC791E5A993D00EDD0C9 /* Build configuration list for PBXNativeTarget "YLGitBook" */ = {
			isa = XCConfigurationList;
			buildConfigurations = (
				B942DC7A1E5A993D00EDD0C9 /* Debug */,
				B942DC7B1E5A993D00EDD0C9 /* Release */,
			);
			defaultConfigurationIsVisible = 0;
			defaultConfigurationName = Release;
		};
/* End XCConfigurationList section */
	};
	rootObject = B942DC5A1E5A993D00EDD0C9 /* Project object */;
}
